
Microsoft Visual Studio Solution File, Format Version 12.00
Project("{FAE04EC0-301F-11D3-BF4B-00C04F79EFBC}") = "DesignPatters.Proj", "DesignPatters.Proj\DesignPatters.Proj.csproj", "{D0182ADD-6CD6-435A-A984-545C1A903461}"
EndProject
Global
	GlobalSection(SolutionConfigurationPlatforms) = preSolution
		Debug|Any CPU = Debug|Any CPU
		Release|Any CPU = Release|Any CPU
	EndGlobalSection
	GlobalSection(ProjectConfigurationPlatforms) = postSolution
		{D0182ADD-6CD6-435A-A984-545C1A903461}.Debug|Any CPU.ActiveCfg = Debug|Any CPU
		{D0182ADD-6CD6-435A-A984-545C1A903461}.Debug|Any CPU.Build.0 = Debug|Any CPU
		{D0182ADD-6CD6-435A-A984-545C1A903461}.Release|Any CPU.ActiveCfg = Release|Any CPU
		{D0182ADD-6CD6-435A-A984-545C1A903461}.Release|Any CPU.Build.0 = Release|Any CPU
	EndGlobalSection
EndGlobal
